{
  "name": "mitsuketa",
  "version": "1.2.1",
  "lockfileVersion": 1,
  "requires": true,
  "dependencies": {
    "component-type": {
      "version": "1.0.0",
      "resolved": "https://registry.npmjs.org/component-type/-/component-type-1.0.0.tgz",
      "integrity": "sha1-HtiBLjLdZQmdQzVwdX8RHqPT2HE="
    },
    "eivindfjeldstad-dot": {
      "version": "0.0.1",
      "resolved": "https://registry.npmjs.org/eivindfjeldstad-dot/-/eivindfjeldstad-dot-0.0.1.tgz",
      "integrity": "sha1-IvyXa/rzBuCDmjHbjoITSA+vuJM="
    },
    "typecast": {
      "version": "0.0.1",
      "resolved": "https://registry.npmjs.org/typecast/-/typecast-0.0.1.tgz",
      "integrity": "sha1-//t13La98d744pO2tuiT1sHtGd4="
    },
    "validate": {
      "version": "3.0.1",
      "resolved": "https://registry.npmjs.org/validate/-/validate-3.0.1.tgz",
      "integrity": "sha1-eYSHs6FGzrPJA+zZhsfmfblHhlI=",
      "requires": {
        "component-type": "1.0.0",
        "eivindfjeldstad-dot": "0.0.1",
        "typecast": "0.0.1"
      }
    }
  }
}
